
Microsoft Visual Studio Solution File, Format Version 12.00
# Visual Studio Version 17
VisualStudioVersion = 17.1.32421.90
MinimumVisualStudioVersion = 10.0.40219.1
Project("{FAE04EC0-301F-11D3-BF4B-00C04F79EFBC}") = "Application.API", "Application.API\Application.API.csproj", "{5DACA2EA-48B5-4F53-BB10-73234272DE8C}"
EndProject
Project("{2150E333-8FDC-42A3-9474-1A3956D46DE8}") = "Application", "Application", "{DB280B9C-72BC-4AF6-BDE3-08780F140CB0}"
EndProject
Project("{2150E333-8FDC-42A3-9474-1A3956D46DE8}") = "Domain", "Domain", "{7E564D56-4AE4-416C-89EF-1083CE5FF9B7}"
EndProject
Project("{2150E333-8FDC-42A3-9474-1A3956D46DE8}") = "Infraestructure", "Infraestructure", "{147D3E69-A4E5-49B3-BFC5-FD4632D5ECA3}"
EndProject
Project("{2150E333-8FDC-42A3-9474-1A3956D46DE8}") = "Services", "Services", "{0796C5F7-CD13-4536-A144-22F61619C4DD}"
EndProject
Project("{FAE04EC0-301F-11D3-BF4B-00C04F79EFBC}") = "Domain.API", "Domain.API\Domain.API.csproj", "{CCF65A00-997B-43FD-A957-B8A2F1884AF0}"
EndProject
Project("{FAE04EC0-301F-11D3-BF4B-00C04F79EFBC}") = "Infraestruture.API", "Infraestruture.API\Infraestruture.API.csproj", "{E7DCDDE6-5010-48CE-9D46-17A41105AF4A}"
EndProject
Project("{FAE04EC0-301F-11D3-BF4B-00C04F79EFBC}") = "Services.API", "Services.API\Services.API.csproj", "{49AA8705-07DA-4186-BB23-F5246B741FB0}"
EndProject
Global
	GlobalSection(SolutionConfigurationPlatforms) = preSolution
		Debug|Any CPU = Debug|Any CPU
		Release|Any CPU = Release|Any CPU
	EndGlobalSection
	GlobalSection(ProjectConfigurationPlatforms) = postSolution
		{5DACA2EA-48B5-4F53-BB10-73234272DE8C}.Debug|Any CPU.ActiveCfg = Debug|Any CPU
		{5DACA2EA-48B5-4F53-BB10-73234272DE8C}.Debug|Any CPU.Build.0 = Debug|Any CPU
		{5DACA2EA-48B5-4F53-BB10-73234272DE8C}.Release|Any CPU.ActiveCfg = Release|Any CPU
		{5DACA2EA-48B5-4F53-BB10-73234272DE8C}.Release|Any CPU.Build.0 = Release|Any CPU
		{CCF65A00-997B-43FD-A957-B8A2F1884AF0}.Debug|Any CPU.ActiveCfg = Debug|Any CPU
		{CCF65A00-997B-43FD-A957-B8A2F1884AF0}.Debug|Any CPU.Build.0 = Debug|Any CPU
		{CCF65A00-997B-43FD-A957-B8A2F1884AF0}.Release|Any CPU.ActiveCfg = Release|Any CPU
		{CCF65A00-997B-43FD-A957-B8A2F1884AF0}.Release|Any CPU.Build.0 = Release|Any CPU
		{E7DCDDE6-5010-48CE-9D46-17A41105AF4A}.Debug|Any CPU.ActiveCfg = Debug|Any CPU
		{E7DCDDE6-5010-48CE-9D46-17A41105AF4A}.Debug|Any CPU.Build.0 = Debug|Any CPU
		{E7DCDDE6-5010-48CE-9D46-17A41105AF4A}.Release|Any CPU.ActiveCfg = Release|Any CPU
		{E7DCDDE6-5010-48CE-9D46-17A41105AF4A}.Release|Any CPU.Build.0 = Release|Any CPU
		{49AA8705-07DA-4186-BB23-F5246B741FB0}.Debug|Any CPU.ActiveCfg = Debug|Any CPU
		{49AA8705-07DA-4186-BB23-F5246B741FB0}.Debug|Any CPU.Build.0 = Debug|Any CPU
		{49AA8705-07DA-4186-BB23-F5246B741FB0}.Release|Any CPU.ActiveCfg = Release|Any CPU
		{49AA8705-07DA-4186-BB23-F5246B741FB0}.Release|Any CPU.Build.0 = Release|Any CPU
	EndGlobalSection
	GlobalSection(SolutionProperties) = preSolution
		HideSolutionNode = FALSE
	EndGlobalSection
	GlobalSection(NestedProjects) = preSolution
		{5DACA2EA-48B5-4F53-BB10-73234272DE8C} = {DB280B9C-72BC-4AF6-BDE3-08780F140CB0}
		{CCF65A00-997B-43FD-A957-B8A2F1884AF0} = {7E564D56-4AE4-416C-89EF-1083CE5FF9B7}
		{E7DCDDE6-5010-48CE-9D46-17A41105AF4A} = {147D3E69-A4E5-49B3-BFC5-FD4632D5ECA3}
		{49AA8705-07DA-4186-BB23-F5246B741FB0} = {0796C5F7-CD13-4536-A144-22F61619C4DD}
	EndGlobalSection
	GlobalSection(ExtensibilityGlobals) = postSolution
		SolutionGuid = {9E9221BA-A160-49C9-ACA6-1DBCCB15BD19}
	EndGlobalSection
EndGlobal
